
Microsoft Visual Studio Solution File, Format Version 12.00
# Visual Studio 15
VisualStudioVersion = 15.0.26430.13
MinimumVisualStudioVersion = 10.0.40219.1
Project("{FAE04EC0-301F-11D3-BF4B-00C04F79EFBC}") = "PDIS.Pathfinder", "CESEIT\PDIS.Pathfinder.csproj", "{1DC82812-6D91-4383-A627-70821F995C3B}"
EndProject
Project("{FAE04EC0-301F-11D3-BF4B-00C04F79EFBC}") = "PDIS.ServiceGateway", "ServiceGateway\PDIS.ServiceGateway.csproj", "{C33FB637-6D8B-4E82-BD97-E41FDC7AAD19}"
EndProject
Project("{2150E333-8FDC-42A3-9474-1A3956D46DE8}") = "Backend", "Backend", "{48FEF8EB-7FD1-4296-9F69-0DAF10EA32D8}"
EndProject
Project("{2150E333-8FDC-42A3-9474-1A3956D46DE8}") = "Frontend", "Frontend", "{1D91D650-9C88-41FB-BA72-1A51E67BA3AB}"
EndProject
Project("{2150E333-8FDC-42A3-9474-1A3956D46DE8}") = "ServiceGateway", "ServiceGateway", "{577EC233-EA7F-43B3-A082-D7DF43AB3059}"
EndProject
Project("{FAE04EC0-301F-11D3-BF4B-00C04F79EFBC}") = "PDIS.Frontend", "PDIS.Frontend\PDIS.Frontend.csproj", "{0ABD7DDB-73C6-478E-8750-6AE43191C57F}"
EndProject
Project("{FAE04EC0-301F-11D3-BF4B-00C04F79EFBC}") = "PDIS.Model", "PDIS.Model\PDIS.Model.csproj", "{A4E4ADA0-AF97-4561-84CC-E3FFF51D621C}"
EndProject
Project("{FAE04EC0-301F-11D3-BF4B-00C04F79EFBC}") = "PDIS.Managers", "PDIS.Managers\PDIS.Managers.csproj", "{BD9875B0-B0EE-4433-BCD4-8BE13F1507DE}"
EndProject
Global
	GlobalSection(SolutionConfigurationPlatforms) = preSolution
		Debug|Any CPU = Debug|Any CPU
		Release|Any CPU = Release|Any CPU
	EndGlobalSection
	GlobalSection(ProjectConfigurationPlatforms) = postSolution
		{1DC82812-6D91-4383-A627-70821F995C3B}.Debug|Any CPU.ActiveCfg = Debug|Any CPU
		{1DC82812-6D91-4383-A627-70821F995C3B}.Debug|Any CPU.Build.0 = Debug|Any CPU
		{1DC82812-6D91-4383-A627-70821F995C3B}.Release|Any CPU.ActiveCfg = Release|Any CPU
		{1DC82812-6D91-4383-A627-70821F995C3B}.Release|Any CPU.Build.0 = Release|Any CPU
		{C33FB637-6D8B-4E82-BD97-E41FDC7AAD19}.Debug|Any CPU.ActiveCfg = Debug|Any CPU
		{C33FB637-6D8B-4E82-BD97-E41FDC7AAD19}.Debug|Any CPU.Build.0 = Debug|Any CPU
		{C33FB637-6D8B-4E82-BD97-E41FDC7AAD19}.Release|Any CPU.ActiveCfg = Release|Any CPU
		{C33FB637-6D8B-4E82-BD97-E41FDC7AAD19}.Release|Any CPU.Build.0 = Release|Any CPU
		{0ABD7DDB-73C6-478E-8750-6AE43191C57F}.Debug|Any CPU.ActiveCfg = Debug|Any CPU
		{0ABD7DDB-73C6-478E-8750-6AE43191C57F}.Debug|Any CPU.Build.0 = Debug|Any CPU
		{0ABD7DDB-73C6-478E-8750-6AE43191C57F}.Release|Any CPU.ActiveCfg = Release|Any CPU
		{0ABD7DDB-73C6-478E-8750-6AE43191C57F}.Release|Any CPU.Build.0 = Release|Any CPU
		{A4E4ADA0-AF97-4561-84CC-E3FFF51D621C}.Debug|Any CPU.ActiveCfg = Debug|Any CPU
		{A4E4ADA0-AF97-4561-84CC-E3FFF51D621C}.Debug|Any CPU.Build.0 = Debug|Any CPU
		{A4E4ADA0-AF97-4561-84CC-E3FFF51D621C}.Release|Any CPU.ActiveCfg = Release|Any CPU
		{A4E4ADA0-AF97-4561-84CC-E3FFF51D621C}.Release|Any CPU.Build.0 = Release|Any CPU
		{BD9875B0-B0EE-4433-BCD4-8BE13F1507DE}.Debug|Any CPU.ActiveCfg = Debug|Any CPU
		{BD9875B0-B0EE-4433-BCD4-8BE13F1507DE}.Debug|Any CPU.Build.0 = Debug|Any CPU
		{BD9875B0-B0EE-4433-BCD4-8BE13F1507DE}.Release|Any CPU.ActiveCfg = Release|Any CPU
		{BD9875B0-B0EE-4433-BCD4-8BE13F1507DE}.Release|Any CPU.Build.0 = Release|Any CPU
	EndGlobalSection
	GlobalSection(SolutionProperties) = preSolution
		HideSolutionNode = FALSE
	EndGlobalSection
	GlobalSection(NestedProjects) = preSolution
		{1DC82812-6D91-4383-A627-70821F995C3B} = {48FEF8EB-7FD1-4296-9F69-0DAF10EA32D8}
		{C33FB637-6D8B-4E82-BD97-E41FDC7AAD19} = {577EC233-EA7F-43B3-A082-D7DF43AB3059}
		{0ABD7DDB-73C6-478E-8750-6AE43191C57F} = {1D91D650-9C88-41FB-BA72-1A51E67BA3AB}
		{A4E4ADA0-AF97-4561-84CC-E3FFF51D621C} = {48FEF8EB-7FD1-4296-9F69-0DAF10EA32D8}
		{BD9875B0-B0EE-4433-BCD4-8BE13F1507DE} = {48FEF8EB-7FD1-4296-9F69-0DAF10EA32D8}
	EndGlobalSection
EndGlobal
